
Microsoft Visual Studio Solution File, Format Version 12.00
# Visual Studio Version 17
VisualStudioVersion = 17.14.36203.30
MinimumVisualStudioVersion = 10.0.40219.1
Project("{FAE04EC0-301F-11D3-BF4B-00C04F79EFBC}") = "Desafio", "Desafio\Desafio.csproj", "{CD64EA46-9F2B-463D-AAB9-F387368126E9}"
EndProject
Global
	GlobalSection(SolutionConfigurationPlatforms) = preSolution
		Debug|Any CPU = Debug|Any CPU
		Release|Any CPU = Release|Any CPU
	EndGlobalSection
	GlobalSection(ProjectConfigurationPlatforms) = postSolution
		{CD64EA46-9F2B-463D-AAB9-F387368126E9}.Debug|Any CPU.ActiveCfg = Debug|Any CPU
		{CD64EA46-9F2B-463D-AAB9-F387368126E9}.Debug|Any CPU.Build.0 = Debug|Any CPU
		{CD64EA46-9F2B-463D-AAB9-F387368126E9}.Release|Any CPU.ActiveCfg = Release|Any CPU
		{CD64EA46-9F2B-463D-AAB9-F387368126E9}.Release|Any CPU.Build.0 = Release|Any CPU
	EndGlobalSection
	GlobalSection(SolutionProperties) = preSolution
		HideSolutionNode = FALSE
	EndGlobalSection
	GlobalSection(ExtensibilityGlobals) = postSolution
		SolutionGuid = {8B0656BE-2547-4EEB-A138-872ED0426284}
	EndGlobalSection
EndGlobal
